<?xml version="1.0" encoding="utf-8"?>
<Project ToolsVersion="14.0" xmlns="http://schemas.microsoft.com/developer/msbuild/2003">
  <ItemGroup>
    <Filter Include="Resource Files">
      <UniqueIdentifier>{67DA6AB6-F800-4c08-8B7A-83BB121AAD01}</UniqueIdentifier>
      <Extensions>rc;ico;cur;bmp;dlg;rc2;rct;bin;rgs;gif;jpg;jpeg;jpe;resx;tga;tiff;tif;png;wav;mfcribbon-ms</Extensions>
    </Filter>
    <Filter Include="lib">
      <UniqueIdentifier>{32b2bcdf-2b6e-47a5-87f8-6fc524e5734e}</UniqueIdentifier>
    </Filter>
    <Filter Include="lib\x86">
      <UniqueIdentifier>{adc8ea46-f042-4f9f-b40a-73dde912d4d0}</UniqueIdentifier>
    </Filter>
    <Filter Include="lib\x86_vc">
      <UniqueIdentifier>{238f73e7-aa9d-4d74-8a1a-a1b52bc71cde}</UniqueIdentifier>
    </Filter>
  </ItemGroup>
  <ItemGroup>
    <ClCompile Include="..\..\lib\analyze.c">
      <Filter>lib</Filter>
    </ClCompile>
    <ClCompile Include="..\..\lib\apiwrapper.c">
      <Filter>lib</Filter>
    </ClCompile>
    <ClCompile Include="..\..\lib\bitpack.c">
      <Filter>lib</Filter>
    </ClCompile>
    <ClCompile Include="..\..\lib\cpu.c">
      <Filter>lib</Filter>
    </ClCompile>
    <ClCompile Include="..\..\lib\decapiwrapper.c">
      <Filter>lib</Filter>
    </ClCompile>
    <ClCompile Include="..\..\lib\decinfo.c">
      <Filter>lib</Filter>
    </ClCompile>
    <ClCompile Include="..\..\lib\decode.c">
      <Filter>lib</Filter>
    </ClCompile>
    <ClCompile Include="..\..\lib\dequant.c">
      <Filter>lib</Filter>
    </ClCompile>
    <ClCompile Include="..\..\lib\encapiwrapper.c">
      <Filter>lib</Filter>
    </ClCompile>
    <ClCompile Include="..\..\lib\encfrag.c">
      <Filter>lib</Filter>
    </ClCompile>
    <ClCompile Include="..\..\lib\encinfo.c">
      <Filter>lib</Filter>
    </ClCompile>
    <ClCompile Include="..\..\lib\encode.c">
      <Filter>lib</Filter>
    </ClCompile>
    <ClCompile Include="..\..\lib\encoder_disabled.c">
      <Filter>lib</Filter>
    </ClCompile>
    <ClCompile Include="..\..\lib\enquant.c">
      <Filter>lib</Filter>
    </ClCompile>
    <ClCompile Include="..\..\lib\fdct.c">
      <Filter>lib</Filter>
    </ClCompile>
    <ClCompile Include="..\..\lib\fragment.c">
      <Filter>lib</Filter>
    </ClCompile>
    <ClCompile Include="..\..\lib\huffdec.c">
      <Filter>lib</Filter>
    </ClCompile>
    <ClCompile Include="..\..\lib\huffenc.c">
      <Filter>lib</Filter>
    </ClCompile>
    <ClCompile Include="..\..\lib\idct.c">
      <Filter>lib</Filter>
    </ClCompile>
    <ClCompile Include="..\..\lib\info.c">
      <Filter>lib</Filter>
    </ClCompile>
    <ClCompile Include="..\..\lib\internal.c">
      <Filter>lib</Filter>
    </ClCompile>
    <ClCompile Include="..\..\lib\mathops.c">
      <Filter>lib</Filter>
    </ClCompile>
    <ClCompile Include="..\..\lib\mcenc.c">
      <Filter>lib</Filter>
    </ClCompile>
    <ClCompile Include="..\..\lib\quant.c">
      <Filter>lib</Filter>
    </ClCompile>
    <ClCompile Include="..\..\lib\rate.c">
      <Filter>lib</Filter>
    </ClCompile>
    <ClCompile Include="..\..\lib\state.c">
      <Filter>lib</Filter>
    </ClCompile>
    <ClCompile Include="..\..\lib\tokenize.c">
      <Filter>lib</Filter>
    </ClCompile>
    <ClCompile Include="..\..\lib\x86\mmxencfrag.c">
      <Filter>lib\x86</Filter>
    </ClCompile>
    <ClCompile Include="..\..\lib\x86\mmxfdct.c">
      <Filter>lib\x86</Filter>
    </ClCompile>
    <ClCompile Include="..\..\lib\x86\mmxfrag.c">
      <Filter>lib\x86</Filter>
    </ClCompile>
    <ClCompile Include="..\..\lib\x86\mmxidct.c">
      <Filter>lib\x86</Filter>
    </ClCompile>
    <ClCompile Include="..\..\lib\x86\mmxstate.c">
      <Filter>lib\x86</Filter>
    </ClCompile>
    <ClCompile Include="..\..\lib\x86\sse2fdct.c">
      <Filter>lib\x86</Filter>
    </ClCompile>
    <ClCompile Include="..\..\lib\x86\x86enc.c">
      <Filter>lib\x86</Filter>
    </ClCompile>
    <ClCompile Include="..\..\lib\x86\x86state.c">
      <Filter>lib\x86</Filter>
    </ClCompile>
    <ClCompile Include="..\..\lib\x86_vc\mmxencfrag.c">
      <Filter>lib\x86_vc</Filter>
    </ClCompile>
    <ClCompile Include="..\..\lib\x86_vc\mmxfdct.c">
      <Filter>lib\x86_vc</Filter>
    </ClCompile>
    <ClCompile Include="..\..\lib\x86_vc\mmxfrag.c">
      <Filter>lib\x86_vc</Filter>
    </ClCompile>
    <ClCompile Include="..\..\lib\x86_vc\mmxidct.c">
      <Filter>lib\x86_vc</Filter>
    </ClCompile>
    <ClCompile Include="..\..\lib\x86_vc\mmxstate.c">
      <Filter>lib\x86_vc</Filter>
    </ClCompile>
    <ClCompile Include="..\..\lib\x86_vc\x86enc.c">
      <Filter>lib\x86_vc</Filter>
    </ClCompile>
    <ClCompile Include="..\..\lib\x86_vc\x86state.c">
      <Filter>lib\x86_vc</Filter>
    </ClCompile>
  </ItemGroup>
  <ItemGroup>
    <ClInclude Include="..\..\lib\apiwrapper.h">
      <Filter>lib</Filter>
    </ClInclude>
    <ClInclude Include="..\..\lib\bitpack.h">
      <Filter>lib</Filter>
    </ClInclude>
    <ClInclude Include="..\..\lib\cpu.h">
      <Filter>lib</Filter>
    </ClInclude>
    <ClInclude Include="..\..\lib\dct.h">
      <Filter>lib</Filter>
    </ClInclude>
    <ClInclude Include="..\..\lib\decint.h">
      <Filter>lib</Filter>
    </ClInclude>
    <ClInclude Include="..\..\lib\dequant.h">
      <Filter>lib</Filter>
    </ClInclude>
    <ClInclude Include="..\..\lib\encint.h">
      <Filter>lib</Filter>
    </ClInclude>
    <ClInclude Include="..\..\lib\enquant.h">
      <Filter>lib</Filter>
    </ClInclude>
    <ClInclude Include="..\..\lib\huffdec.h">
      <Filter>lib</Filter>
    </ClInclude>
    <ClInclude Include="..\..\lib\huffenc.h">
      <Filter>lib</Filter>
    </ClInclude>
    <ClInclude Include="..\..\lib\huffman.h">
      <Filter>lib</Filter>
    </ClInclude>
    <ClInclude Include="..\..\lib\internal.h">
      <Filter>lib</Filter>
    </ClInclude>
    <ClInclude Include="..\..\lib\mathops.h">
      <Filter>lib</Filter>
    </ClInclude>
    <ClInclude Include="..\..\lib\modedec.h">
      <Filter>lib</Filter>
    </ClInclude>
    <ClInclude Include="..\..\lib\ocintrin.h">
      <Filter>lib</Filter>
    </ClInclude>
    <ClInclude Include="..\..\lib\quant.h">
      <Filter>lib</Filter>
    </ClInclude>
    <ClInclude Include="..\..\lib\x86\mmxfrag.h">
      <Filter>lib\x86</Filter>
    </ClInclude>
    <ClInclude Include="..\..\lib\x86\mmxloop.h">
      <Filter>lib\x86</Filter>
    </ClInclude>
    <ClInclude Include="..\..\lib\x86\x86enc.h">
      <Filter>lib\x86</Filter>
    </ClInclude>
    <ClInclude Include="..\..\lib\x86\x86int.h">
      <Filter>lib\x86</Filter>
    </ClInclude>
    <ClInclude Include="..\..\lib\x86_vc\mmxfrag.h">
      <Filter>lib\x86_vc</Filter>
    </ClInclude>
    <ClInclude Include="..\..\lib\x86_vc\mmxloop.h">
      <Filter>lib\x86_vc</Filter>
    </ClInclude>
    <ClInclude Include="..\..\lib\x86_vc\x86enc.h">
      <Filter>lib\x86_vc</Filter>
    </ClInclude>
    <ClInclude Include="..\..\lib\x86_vc\x86int.h">
      <Filter>lib\x86_vc</Filter>
    </ClInclude>
  </ItemGroup>
  <ItemGroup>
    <None Include="..\..\lib\theora.exp">
      <Filter>lib</Filter>
    </None>
    <None Include="..\..\lib\theoradec.exp">
      <Filter>lib</Filter>
    </None>
    <None Include="..\..\lib\theoraenc.exp">
      <Filter>lib</Filter>
    </None>
  </ItemGroup>
</Project>